
Microsoft Visual Studio Solution File, Format Version 12.00
# Visual Studio Version 16
VisualStudioVersion = 16.0.31025.194
MinimumVisualStudioVersion = 10.0.40219.1
Project("{FAE04EC0-301F-11D3-BF4B-00C04F79EFBC}") = "ThePlate", "ThePlate\ThePlate.csproj", "{70E3E85E-7FC9-48BD-A980-BBCD771B82EC}"
EndProject
Global
	GlobalSection(SolutionConfigurationPlatforms) = preSolution
		Debug|Any CPU = Debug|Any CPU
		Release|Any CPU = Release|Any CPU
	EndGlobalSection
	GlobalSection(ProjectConfigurationPlatforms) = postSolution
		{70E3E85E-7FC9-48BD-A980-BBCD771B82EC}.Debug|Any CPU.ActiveCfg = Debug|Any CPU
		{70E3E85E-7FC9-48BD-A980-BBCD771B82EC}.Debug|Any CPU.Build.0 = Debug|Any CPU
		{70E3E85E-7FC9-48BD-A980-BBCD771B82EC}.Release|Any CPU.ActiveCfg = Release|Any CPU
		{70E3E85E-7FC9-48BD-A980-BBCD771B82EC}.Release|Any CPU.Build.0 = Release|Any CPU
	EndGlobalSection
	GlobalSection(SolutionProperties) = preSolution
		HideSolutionNode = FALSE
	EndGlobalSection
	GlobalSection(ExtensibilityGlobals) = postSolution
		SolutionGuid = {65E2C51D-8D1D-40E6-AAD9-9825158D72A5}
	EndGlobalSection
EndGlobal
